// !$*UTF8*$!
{
	archiveVersion = 1;
	classes = {
	};
	objectVersion = 50;
	objects = {

/* Begin PBXBuildFile section */
		851EF6C82481052B008636B2 /* AppDelegate.swift in Sources */ = {isa = PBXBuildFile; fileRef = 851EF6C72481052B008636B2 /* AppDelegate.swift */; };
		851EF6CA2481052B008636B2 /* SceneDelegate.swift in Sources */ = {isa = PBXBuildFile; fileRef = 851EF6C92481052B008636B2 /* SceneDelegate.swift */; };
		851EF6CC2481052B008636B2 /* ViewController.swift in Sources */ = {isa = PBXBuildFile; fileRef = 851EF6CB2481052B008636B2 /* ViewController.swift */; };
		851EF6CF2481052B008636B2 /* Main.storyboard in Resources */ = {isa = PBXBuildFile; fileRef = 851EF6CD2481052B008636B2 /* Main.storyboard */; };
		851EF6D22481052B008636B2 /* tesData.xcdatamodeld in Sources */ = {isa = PBXBuildFile; fileRef = 851EF6D02481052B008636B2 /* tesData.xcdatamodeld */; };
		851EF6D42481052E008636B2 /* Assets.xcassets in Resources */ = {isa = PBXBuildFile; fileRef = 851EF6D32481052E008636B2 /* Assets.xcassets */; };
		851EF6D72481052E008636B2 /* LaunchScreen.storyboard in Resources */ = {isa = PBXBuildFile; fileRef = 851EF6D52481052E008636B2 /* LaunchScreen.storyboard */; };
/* End PBXBuildFile section */

/* Begin PBXFileReference section */
		851EF6C42481052B008636B2 /* tesData.app */ = {isa = PBXFileReference; explicitFileType = wrapper.application; includeInIndex = 0; path = tesData.app; sourceTree = BUILT_PRODUCTS_DIR; };
		851EF6C72481052B008636B2 /* AppDelegate.swift */ = {isa = PBXFileReference; lastKnownFileType = sourcecode.swift; path = AppDelegate.swift; sourceTree = "<group>"; };
		851EF6C92481052B008636B2 /* SceneDelegate.swift */ = {isa = PBXFileReference; lastKnownFileType = sourcecode.swift; path = SceneDelegate.swift; sourceTree = "<group>"; };
		851EF6CB2481052B008636B2 /* ViewController.swift */ = {isa = PBXFileReference; lastKnownFileType = sourcecode.swift; path = ViewController.swift; sourceTree = "<group>"; };
		851EF6CE2481052B008636B2 /* Base */ = {isa = PBXFileReference; lastKnownFileType = file.storyboard; name = Base; path = Base.lproj/Main.storyboard; sourceTree = "<group>"; };
		851EF6D12481052B008636B2 /* tesData.xcdatamodel */ = {isa = PBXFileReference; lastKnownFileType = wrapper.xcdatamodel; path = tesData.xcdatamodel; sourceTree = "<group>"; };
		851EF6D32481052E008636B2 /* Assets.xcassets */ = {isa = PBXFileReference; lastKnownFileType = folder.assetcatalog; path = Assets.xcassets; sourceTree = "<group>"; };
		851EF6D62481052E008636B2 /* Base */ = {isa = PBXFileReference; lastKnownFileType = file.storyboard; name = Base; path = Base.lproj/LaunchScreen.storyboard; sourceTree = "<group>"; };
		851EF6D82481052E008636B2 /* Info.plist */ = {isa = PBXFileReference; lastKnownFileType = text.plist.xml; path = Info.plist; sourceTree = "<group>"; };
/* End PBXFileReference section */

/* Begin PBXFrameworksBuildPhase section */
		851EF6C12481052B008636B2 /* Frameworks */ = {
			isa = PBXFrameworksBuildPhase;
			buildActionMask = 2147483647;
			files = (
			);
			runOnlyForDeploymentPostprocessing = 0;
		};
/* End PBXFrameworksBuildPhase section */

/* Begin PBXGroup section */
		851EF6BB2481052B008636B2 = {
			isa = PBXGroup;
			children = (
				851EF6C62481052B008636B2 /* tesData */,
				851EF6C52481052B008636B2 /* Products */,
			);
			sourceTree = "<group>";
		};
		851EF6C52481052B008636B2 /* Products */ = {
			isa = PBXGroup;
			children = (
				851EF6C42481052B008636B2 /* tesData.app */,
			);
			name = Products;
			sourceTree = "<group>";
		};
		851EF6C62481052B008636B2 /* tesData */ = {
			isa = PBXGroup;
			children = (
				851EF6C72481052B008636B2 /* AppDelegate.swift */,
				851EF6C92481052B008636B2 /* SceneDelegate.swift */,
				851EF6CB2481052B008636B2 /* ViewController.swift */,
				851EF6CD2481052B008636B2 /* Main.storyboard */,
				851EF6D32481052E008636B2 /* Assets.xcassets */,
				851EF6D52481052E008636B2 /* LaunchScreen.storyboard */,
				851EF6D82481052E008636B2 /* Info.plist */,
				851EF6D02481052B008636B2 /* tesData.xcdatamodeld */,
			);
			path = tesData;
			sourceTree = "<group>";
		};
/* End PBXGroup section */

/* Begin PBXNativeTarget section */
		851EF6C32481052B008636B2 /* tesData */ = {
			isa = PBXNativeTarget;
			buildConfigurationList = 851EF6DB2481052E008636B2 /* Build configuration list for PBXNativeTarget "tesData" */;
			buildPhases = (
				851EF6C02481052B008636B2 /* Sources */,
				851EF6C12481052B008636B2 /* Frameworks */,
				851EF6C22481052B008636B2 /* Resources */,
			);
			buildRules = (
			);
			dependencies = (
			);
			name = tesData;
			productName = tesData;
			productReference = 851EF6C42481052B008636B2 /* tesData.app */;
			productType = "com.apple.product-type.application";
		};
/* End PBXNativeTarget section */

/* Begin PBXProject section */
		851EF6BC2481052B008636B2 /* Project object */ = {
			isa = PBXProject;
			attributes = {
				LastSwiftUpdateCheck = 1130;
				LastUpgradeCheck = 1130;
				ORGANIZATIONNAME = "afitra mamor";
				TargetAttributes = {
					851EF6C32481052B008636B2 = {
						CreatedOnToolsVersion = 11.3.1;
					};
				};
			};
			buildConfigurationList = 851EF6BF2481052B008636B2 /* Build configuration list for PBXProject "tesData" */;
			compatibilityVersion = "Xcode 9.3";
			developmentRegion = en;
			hasScannedForEncodings = 0;
			knownRegions = (
				en,
				Base,
			);
			mainGroup = 851EF6BB2481052B008636B2;
			productRefGroup = 851EF6C52481052B008636B2 /* Products */;
			projectDirPath = "";
			projectRoot = "";
			targets = (
				851EF6C32481052B008636B2 /* tesData */,
			);
		};
/* End PBXProject section */

/* Begin PBXResourcesBuildPhase section */
		851EF6C22481052B008636B2 /* Resources */ = {
			isa = PBXResourcesBuildPhase;
			buildActionMask = 2147483647;
			files = (
				851EF6D72481052E008636B2 /* LaunchScreen.storyboard in Resources */,
				851EF6D42481052E008636B2 /* Assets.xcassets in Resources */,
				851EF6CF2481052B008636B2 /* Main.storyboard in Resources */,
			);
			runOnlyForDeploymentPostprocessing = 0;
		};
/* End PBXResourcesBuildPhase section */

/* Begin PBXSourcesBuildPhase section */
		851EF6C02481052B008636B2 /* Sources */ = {
			isa = PBXSourcesBuildPhase;
			buildActionMask = 2147483647;
			files = (
				851EF6CC2481052B008636B2 /* ViewController.swift in Sources */,
				851EF6C82481052B008636B2 /* AppDelegate.swift in Sources */,
				851EF6D22481052B008636B2 /* tesData.xcdatamodeld in Sources */,
				851EF6CA2481052B008636B2 /* SceneDelegate.swift in Sources */,
			);
			runOnlyForDeploymentPostprocessing = 0;
		};
/* End PBXSourcesBuildPhase section */

/* Begin PBXVariantGroup section */
		851EF6CD2481052B008636B2 /* Main.storyboard */ = {
			isa = PBXVariantGroup;
			children = (
				851EF6CE2481052B008636B2 /* Base */,
			);
			name = Main.storyboard;
			sourceTree = "<group>";
		};
		851EF6D52481052E008636B2 /* LaunchScreen.storyboard */ = {
			isa = PBXVariantGroup;
			children = (
				851EF6D62481052E008636B2 /* Base */,
			);
			name = LaunchScreen.storyboard;
			sourceTree = "<group>";
		};
/* End PBXVariantGroup section */

/* Begin XCBuildConfiguration section */
		851EF6D92481052E008636B2 /* Debug */ = {
			isa = XCBuildConfiguration;
			buildSettings = {
				ALWAYS_SEARCH_USER_PATHS = NO;
				CLANG_ANALYZER_NONNULL = YES;
				CLANG_ANALYZER_NUMBER_OBJECT_CONVERSION = YES_AGGRESSIVE;
				CLANG_CXX_LANGUAGE_STANDARD = "gnu++14";
				CLANG_CXX_LIBRARY = "libc++";
				CLANG_ENABLE_MODULES = YES;
				CLANG_ENABLE_OBJC_ARC = YES;
				CLANG_ENABLE_OBJC_WEAK = YES;
				CLANG_WARN_BLOCK_CAPTURE_AUTORELEASING = YES;
				CLANG_WARN_BOOL_CONVERSION = YES;
				CLANG_WARN_COMMA = YES;
				CLANG_WARN_CONSTANT_CONVERSION = YES;
				CLANG_WARN_DEPRECATED_OBJC_IMPLEMENTATIONS = YES;
				CLANG_WARN_DIRECT_OBJC_ISA_USAGE = YES_ERROR;
				CLANG_WARN_DOCUMENTATION_COMMENTS = YES;
				CLANG_WARN_EMPTY_BODY = YES;
				CLANG_WARN_ENUM_CONVERSION = YES;
				CLANG_WARN_INFINITE_RECURSION = YES;
				CLANG_WARN_INT_CONVERSION = YES;
				CLANG_WARN_NON_LITERAL_NULL_CONVERSION = YES;
				CLANG_WARN_OBJC_IMPLICIT_RETAIN_SELF = YES;
				CLANG_WARN_OBJC_LITERAL_CONVERSION = YES;
				CLANG_WARN_OBJC_ROOT_CLASS = YES_ERROR;
				CLANG_WARN_RANGE_LOOP_ANALYSIS = YES;
				CLANG_WARN_STRICT_PROTOTYPES = YES;
				CLANG_WARN_SUSPICIOUS_MOVE = YES;
				CLANG_WARN_UNGUARDED_AVAILABILITY = YES_AGGRESSIVE;
				CLANG_WARN_UNREACHABLE_CODE = YES;
				CLANG_WARN__DUPLICATE_METHOD_MATCH = YES;
				COPY_PHASE_STRIP = NO;
				DEBUG_INFORMATION_FORMAT = dwarf;
				ENABLE_STRICT_OBJC_MSGSEND = YES;
				ENABLE_TESTABILITY = YES;
				GCC_C_LANGUAGE_STANDARD = gnu11;
				GCC_DYNAMIC_NO_PIC = NO;
				GCC_NO_COMMON_BLOCKS = YES;
				GCC_OPTIMIZATION_LEVEL = 0;
				GCC_PREPROCESSOR_DEFINITIONS = (
					"DEBUG=1",
					"$(inherited)",
				);
				GCC_WARN_64_TO_32_BIT_CONVERSION = YES;
				GCC_WARN_ABOUT_RETURN_TYPE = YES_ERROR;
				GCC_WARN_UNDECLARED_SELECTOR = YES;
				GCC_WARN_UNINITIALIZED_AUTOS = YES_AGGRESSIVE;
				GCC_WARN_UNUSED_FUNCTION = YES;
				GCC_WARN_UNUSED_VARIABLE = YES;
				IPHONEOS_DEPLOYMENT_TARGET = 13.2;
				MTL_ENABLE_DEBUG_INFO = INCLUDE_SOURCE;
				MTL_FAST_MATH = YES;
				ONLY_ACTIVE_ARCH = YES;
				SDKROOT = iphoneos;
				SWIFT_ACTIVE_COMPILATION_CONDITIONS = DEBUG;
				SWIFT_OPTIMIZATION_LEVEL = "-Onone";
			};
			name = Debug;
		};
		851EF6DA2481052E008636B2 /* Release */ = {
			isa = XCBuildConfiguration;
			buildSettings = {
				ALWAYS_SEARCH_USER_PATHS = NO;
				CLANG_ANALYZER_NONNULL = YES;
				CLANG_ANALYZER_NUMBER_OBJECT_CONVERSION = YES_AGGRESSIVE;
				CLANG_CXX_LANGUAGE_STANDARD = "gnu++14";
				CLANG_CXX_LIBRARY = "libc++";
				CLANG_ENABLE_MODULES = YES;
				CLANG_ENABLE_OBJC_ARC = YES;
				CLANG_ENABLE_OBJC_WEAK = YES;
				CLANG_WARN_BLOCK_CAPTURE_AUTORELEASING = YES;
				CLANG_WARN_BOOL_CONVERSION = YES;
				CLANG_WARN_COMMA = YES;
				CLANG_WARN_CONSTANT_CONVERSION = YES;
				CLANG_WARN_DEPRECATED_OBJC_IMPLEMENTATIONS = YES;
				CLANG_WARN_DIRECT_OBJC_ISA_USAGE = YES_ERROR;
				CLANG_WARN_DOCUMENTATION_COMMENTS = YES;
				CLANG_WARN_EMPTY_BODY = YES;
				CLANG_WARN_ENUM_CONVERSION = YES;
				CLANG_WARN_INFINITE_RECURSION = YES;
				CLANG_WARN_INT_CONVERSION = YES;
				CLANG_WARN_NON_LITERAL_NULL_CONVERSION = YES;
				CLANG_WARN_OBJC_IMPLICIT_RETAIN_SELF = YES;
				CLANG_WARN_OBJC_LITERAL_CONVERSION = YES;
				CLANG_WARN_OBJC_ROOT_CLASS = YES_ERROR;
				CLANG_WARN_RANGE_LOOP_ANALYSIS = YES;
				CLANG_WARN_STRICT_PROTOTYPES = YES;
				CLANG_WARN_SUSPICIOUS_MOVE = YES;
				CLANG_WARN_UNGUARDED_AVAILABILITY = YES_AGGRESSIVE;
				CLANG_WARN_UNREACHABLE_CODE = YES;
				CLANG_WARN__DUPLICATE_METHOD_MATCH = YES;
				COPY_PHASE_STRIP = NO;
				DEBUG_INFORMATION_FORMAT = "dwarf-with-dsym";
				ENABLE_NS_ASSERTIONS = NO;
				ENABLE_STRICT_OBJC_MSGSEND = YES;
				GCC_C_LANGUAGE_STANDARD = gnu11;
				GCC_NO_COMMON_BLOCKS = YES;
				GCC_WARN_64_TO_32_BIT_CONVERSION = YES;
				GCC_WARN_ABOUT_RETURN_TYPE = YES_ERROR;
				GCC_WARN_UNDECLARED_SELECTOR = YES;
				GCC_WARN_UNINITIALIZED_AUTOS = YES_AGGRESSIVE;
				GCC_WARN_UNUSED_FUNCTION = YES;
				GCC_WARN_UNUSED_VARIABLE = YES;
				IPHONEOS_DEPLOYMENT_TARGET = 13.2;
				MTL_ENABLE_DEBUG_INFO = NO;
				MTL_FAST_MATH = YES;
				SDKROOT = iphoneos;
				SWIFT_COMPILATION_MODE = wholemodule;
				SWIFT_OPTIMIZATION_LEVEL = "-O";
				VALIDATE_PRODUCT = YES;
			};
			name = Release;
		};
		851EF6DC2481052E008636B2 /* Debug */ = {
			isa = XCBuildConfiguration;
			buildSettings = {
				ASSETCATALOG_COMPILER_APPICON_NAME = AppIcon;
				CODE_SIGN_STYLE = Automatic;
				INFOPLIST_FILE = tesData/Info.plist;
				LD_RUNPATH_SEARCH_PATHS = (
					"$(inherited)",
					"@executable_path/Frameworks",
				);
				PRODUCT_BUNDLE_IDENTIFIER = apitoong.tesData;
				PRODUCT_NAME = "$(TARGET_NAME)";
				SWIFT_VERSION = 5.0;
				TARGETED_DEVICE_FAMILY = "1,2";
			};
			name = Debug;
		};
		851EF6DD2481052E008636B2 /* Release */ = {
			isa = XCBuildConfiguration;
			buildSettings = {
				ASSETCATALOG_COMPILER_APPICON_NAME = AppIcon;
				CODE_SIGN_STYLE = Automatic;
				INFOPLIST_FILE = tesData/Info.plist;
				LD_RUNPATH_SEARCH_PATHS = (
					"$(inherited)",
					"@executable_path/Frameworks",
				);
				PRODUCT_BUNDLE_IDENTIFIER = apitoong.tesData;
				PRODUCT_NAME = "$(TARGET_NAME)";
				SWIFT_VERSION = 5.0;
				TARGETED_DEVICE_FAMILY = "1,2";
			};
			name = Release;
		};
/* End XCBuildConfiguration section */

/* Begin XCConfigurationList section */
		851EF6BF2481052B008636B2 /* Build configuration list for PBXProject "tesData" */ = {
			isa = XCConfigurationList;
			buildConfigurations = (
				851EF6D92481052E008636B2 /* Debug */,
				851EF6DA2481052E008636B2 /* Release */,
			);
			defaultConfigurationIsVisible = 0;
			defaultConfigurationName = Release;
		};
		851EF6DB2481052E008636B2 /* Build configuration list for PBXNativeTarget "tesData" */ = {
			isa = XCConfigurationList;
			buildConfigurations = (
				851EF6DC2481052E008636B2 /* Debug */,
				851EF6DD2481052E008636B2 /* Release */,
			);
			defaultConfigurationIsVisible = 0;
			defaultConfigurationName = Release;
		};
/* End XCConfigurationList section */

/* Begin XCVersionGroup section */
		851EF6D02481052B008636B2 /* tesData.xcdatamodeld */ = {
			isa = XCVersionGroup;
			children = (
				851EF6D12481052B008636B2 /* tesData.xcdatamodel */,
			);
			currentVersion = 851EF6D12481052B008636B2 /* tesData.xcdatamodel */;
			path = tesData.xcdatamodeld;
			sourceTree = "<group>";
			versionGroupType = wrapper.xcdatamodel;
		};
/* End XCVersionGroup section */
	};
	rootObject = 851EF6BC2481052B008636B2 /* Project object */;
}
